
Microsoft Visual Studio Solution File, Format Version 12.00
# Visual Studio 15
VisualStudioVersion = 15.0.27428.2015
MinimumVisualStudioVersion = 10.0.40219.1
Project("{FAE04EC0-301F-11D3-BF4B-00C04F79EFBC}") = "CheckportOpenUDP", "CheckportOpenUDP\CheckportOpenUDP.csproj", "{EE673CA9-3865-4F26-A396-575B0121CAB5}"
EndProject
Global
	GlobalSection(SolutionConfigurationPlatforms) = preSolution
		Debug|Any CPU = Debug|Any CPU
		Release|Any CPU = Release|Any CPU
	EndGlobalSection
	GlobalSection(ProjectConfigurationPlatforms) = postSolution
		{EE673CA9-3865-4F26-A396-575B0121CAB5}.Debug|Any CPU.ActiveCfg = Debug|Any CPU
		{EE673CA9-3865-4F26-A396-575B0121CAB5}.Debug|Any CPU.Build.0 = Debug|Any CPU
		{EE673CA9-3865-4F26-A396-575B0121CAB5}.Release|Any CPU.ActiveCfg = Release|Any CPU
		{EE673CA9-3865-4F26-A396-575B0121CAB5}.Release|Any CPU.Build.0 = Release|Any CPU
	EndGlobalSection
	GlobalSection(SolutionProperties) = preSolution
		HideSolutionNode = FALSE
	EndGlobalSection
	GlobalSection(ExtensibilityGlobals) = postSolution
		SolutionGuid = {482AFC40-9D76-40A4-B329-60AAF8F841A7}
	EndGlobalSection
EndGlobal
